
Microsoft Visual Studio Solution File, Format Version 12.00
# Visual Studio Version 17
VisualStudioVersion = 17.10.35027.167
MinimumVisualStudioVersion = 10.0.40219.1
Project("{FAE04EC0-301F-11D3-BF4B-00C04F79EFBC}") = "DataTypes", "DataTypes\DataTypes.csproj", "{0CB72BB5-E905-46B5-AFE8-7EC5F9DBC108}"
EndProject
Global
	GlobalSection(SolutionConfigurationPlatforms) = preSolution
		Debug|Any CPU = Debug|Any CPU
		Release|Any CPU = Release|Any CPU
	EndGlobalSection
	GlobalSection(ProjectConfigurationPlatforms) = postSolution
		{0CB72BB5-E905-46B5-AFE8-7EC5F9DBC108}.Debug|Any CPU.ActiveCfg = Debug|Any CPU
		{0CB72BB5-E905-46B5-AFE8-7EC5F9DBC108}.Debug|Any CPU.Build.0 = Debug|Any CPU
		{0CB72BB5-E905-46B5-AFE8-7EC5F9DBC108}.Release|Any CPU.ActiveCfg = Release|Any CPU
		{0CB72BB5-E905-46B5-AFE8-7EC5F9DBC108}.Release|Any CPU.Build.0 = Release|Any CPU
	EndGlobalSection
	GlobalSection(SolutionProperties) = preSolution
		HideSolutionNode = FALSE
	EndGlobalSection
	GlobalSection(ExtensibilityGlobals) = postSolution
		SolutionGuid = {EE0CD030-FADC-433B-8565-DAD24DAFD1A7}
	EndGlobalSection
EndGlobal
